
Microsoft Visual Studio Solution File, Format Version 12.00
# Visual Studio Version 16
VisualStudioVersion = 16.0.29519.87
MinimumVisualStudioVersion = 10.0.40219.1
Project("{9A19103F-16F7-4668-BE54-9A1E7A4F7556}") = "PizzaParlour", "PizzaParlour\PizzaParlour.csproj", "{2DF50D64-F1A3-409B-B449-22F55379CF1F}"
EndProject
Project("{9A19103F-16F7-4668-BE54-9A1E7A4F7556}") = "PizzaParlour.Data", "PizzaParlour.Data\PizzaParlour.Data.csproj", "{89856C8D-99E0-4529-AFCD-F6787484E161}"
EndProject
Project("{FAE04EC0-301F-11D3-BF4B-00C04F79EFBC}") = "PizzaParlour.Service", "PizzaParlour.Services\PizzaParlour.Service.csproj", "{8265BB3A-721F-4D2E-B053-92C53C4CADA0}"
EndProject
Global
	GlobalSection(SolutionConfigurationPlatforms) = preSolution
		Debug|Any CPU = Debug|Any CPU
		Release|Any CPU = Release|Any CPU
	EndGlobalSection
	GlobalSection(ProjectConfigurationPlatforms) = postSolution
		{2DF50D64-F1A3-409B-B449-22F55379CF1F}.Debug|Any CPU.ActiveCfg = Debug|Any CPU
		{2DF50D64-F1A3-409B-B449-22F55379CF1F}.Debug|Any CPU.Build.0 = Debug|Any CPU
		{2DF50D64-F1A3-409B-B449-22F55379CF1F}.Release|Any CPU.ActiveCfg = Release|Any CPU
		{2DF50D64-F1A3-409B-B449-22F55379CF1F}.Release|Any CPU.Build.0 = Release|Any CPU
		{89856C8D-99E0-4529-AFCD-F6787484E161}.Debug|Any CPU.ActiveCfg = Debug|Any CPU
		{89856C8D-99E0-4529-AFCD-F6787484E161}.Debug|Any CPU.Build.0 = Debug|Any CPU
		{89856C8D-99E0-4529-AFCD-F6787484E161}.Release|Any CPU.ActiveCfg = Release|Any CPU
		{89856C8D-99E0-4529-AFCD-F6787484E161}.Release|Any CPU.Build.0 = Release|Any CPU
		{8265BB3A-721F-4D2E-B053-92C53C4CADA0}.Debug|Any CPU.ActiveCfg = Debug|Any CPU
		{8265BB3A-721F-4D2E-B053-92C53C4CADA0}.Debug|Any CPU.Build.0 = Debug|Any CPU
		{8265BB3A-721F-4D2E-B053-92C53C4CADA0}.Release|Any CPU.ActiveCfg = Release|Any CPU
		{8265BB3A-721F-4D2E-B053-92C53C4CADA0}.Release|Any CPU.Build.0 = Release|Any CPU
	EndGlobalSection
	GlobalSection(SolutionProperties) = preSolution
		HideSolutionNode = FALSE
	EndGlobalSection
	GlobalSection(ExtensibilityGlobals) = postSolution
		SolutionGuid = {FF2016CD-2B00-4845-901C-20ADEFE9FFDA}
	EndGlobalSection
EndGlobal
